{
  "object": {
    "pins": [
      {
        "package": "Dot",
        "repositoryURL": "https://github.com/rebeloper/Dot.git",
        "state": {
          "branch": null,
          "revision": "006ab46504861d8a4c34da84f4617d3a7eed087c",
          "version": "1.7.24"
        }
      }
    ]
  },
  "version": 1
}
