{
  "object": {
    "pins": [
      {
        "package": "Dot",
        "repositoryURL": "https://github.com/rebeloper/Dot.git",
        "state": {
          "branch": null,
          "revision": "4cc39e36f75b77206d7d35ff92118a2e41622286",
          "version": "1.6.42"
        }
      }
    ]
  },
  "version": 1
}
