{
  "object": {
    "pins": [
      {
        "package": "Dot",
        "repositoryURL": "https://github.com/rebeloper/Dot.git",
        "state": {
          "branch": null,
          "revision": "f8fb127c05cd6f5b8791255beb95d0ac7313585d",
          "version": "1.7.0"
        }
      }
    ]
  },
  "version": 1
}
